
Microsoft Visual Studio Solution File, Format Version 12.00
# Visual Studio 15
VisualStudioVersion = 15.0.28307.329
MinimumVisualStudioVersion = 10.0.40219.1
Project("{FAE04EC0-301F-11D3-BF4B-00C04F79EFBC}") = "2FA", "2FA\2FA.csproj", "{AF97C1D6-5D94-4311-AA7D-4F06645DE9BF}"
EndProject
Global
	GlobalSection(SolutionConfigurationPlatforms) = preSolution
		Debug|Any CPU = Debug|Any CPU
		Release|Any CPU = Release|Any CPU
	EndGlobalSection
	GlobalSection(ProjectConfigurationPlatforms) = postSolution
		{AF97C1D6-5D94-4311-AA7D-4F06645DE9BF}.Debug|Any CPU.ActiveCfg = Debug|Any CPU
		{AF97C1D6-5D94-4311-AA7D-4F06645DE9BF}.Debug|Any CPU.Build.0 = Debug|Any CPU
		{AF97C1D6-5D94-4311-AA7D-4F06645DE9BF}.Release|Any CPU.ActiveCfg = Release|Any CPU
		{AF97C1D6-5D94-4311-AA7D-4F06645DE9BF}.Release|Any CPU.Build.0 = Release|Any CPU
	EndGlobalSection
	GlobalSection(SolutionProperties) = preSolution
		HideSolutionNode = FALSE
	EndGlobalSection
	GlobalSection(ExtensibilityGlobals) = postSolution
		SolutionGuid = {ACA56136-7DAB-4045-BE09-850381133B22}
	EndGlobalSection
EndGlobal
