
Microsoft Visual Studio Solution File, Format Version 12.00
# Visual Studio Version 16
VisualStudioVersion = 16.0.28803.452
MinimumVisualStudioVersion = 10.0.40219.1
Project("{9A19103F-16F7-4668-BE54-9A1E7A4F7556}") = "TwoFactor", "2FA\TwoFactor.csproj", "{AF97C1D6-5D94-4311-AA7D-4F06645DE9BF}"
EndProject
Project("{FAE04EC0-301F-11D3-BF4B-00C04F79EFBC}") = "TwoFactorTest", "2FATest\TwoFactorTest.csproj", "{6FF73F34-0F40-463B-8065-F4DC7C4577F6}"
EndProject
Global
	GlobalSection(SolutionConfigurationPlatforms) = preSolution
		Debug|Any CPU = Debug|Any CPU
		Release|Any CPU = Release|Any CPU
	EndGlobalSection
	GlobalSection(ProjectConfigurationPlatforms) = postSolution
		{AF97C1D6-5D94-4311-AA7D-4F06645DE9BF}.Debug|Any CPU.ActiveCfg = Debug|Any CPU
		{AF97C1D6-5D94-4311-AA7D-4F06645DE9BF}.Debug|Any CPU.Build.0 = Debug|Any CPU
		{AF97C1D6-5D94-4311-AA7D-4F06645DE9BF}.Release|Any CPU.ActiveCfg = Release|Any CPU
		{AF97C1D6-5D94-4311-AA7D-4F06645DE9BF}.Release|Any CPU.Build.0 = Release|Any CPU
		{6FF73F34-0F40-463B-8065-F4DC7C4577F6}.Debug|Any CPU.ActiveCfg = Debug|Any CPU
		{6FF73F34-0F40-463B-8065-F4DC7C4577F6}.Debug|Any CPU.Build.0 = Debug|Any CPU
		{6FF73F34-0F40-463B-8065-F4DC7C4577F6}.Release|Any CPU.ActiveCfg = Release|Any CPU
		{6FF73F34-0F40-463B-8065-F4DC7C4577F6}.Release|Any CPU.Build.0 = Release|Any CPU
	EndGlobalSection
	GlobalSection(SolutionProperties) = preSolution
		HideSolutionNode = FALSE
	EndGlobalSection
	GlobalSection(ExtensibilityGlobals) = postSolution
		SolutionGuid = {ACA56136-7DAB-4045-BE09-850381133B22}
	EndGlobalSection
EndGlobal
